
Microsoft Visual Studio Solution File, Format Version 12.00
# Visual Studio 15
VisualStudioVersion = 15.0.28307.489
MinimumVisualStudioVersion = 10.0.40219.1
Project("{2150E333-8FDC-42A3-9474-1A3956D46DE8}") = "Solution Templates", "Solution Templates", "{929A847F-E5FE-465C-99E7-7F1CC8F65D6F}"
EndProject
Project("{2150E333-8FDC-42A3-9474-1A3956D46DE8}") = "Project Templates", "Project Templates", "{4043B8F0-0F23-42DE-8313-88FBB40DC454}"
EndProject
Project("{2150E333-8FDC-42A3-9474-1A3956D46DE8}") = "Item Templates", "Item Templates", "{AC0FA565-81E7-4A62-96C2-30871C4C4AB5}"
EndProject
Project("{FAE04EC0-301F-11D3-BF4B-00C04F79EFBC}") = "VNC_PT_APPLICATION.Presentation.TYPE", "ProjectTemplates\VNC_PT_APPLICATION.Presentation.TYPE\VNC_PT_APPLICATION.Presentation.TYPE.csproj", "{3DCA9C21-13C0-4D1F-8000-3304AB22E3EE}"
EndProject
Global
	GlobalSection(SolutionConfigurationPlatforms) = preSolution
		Debug|Any CPU = Debug|Any CPU
		Release|Any CPU = Release|Any CPU
	EndGlobalSection
	GlobalSection(ProjectConfigurationPlatforms) = postSolution
		{3DCA9C21-13C0-4D1F-8000-3304AB22E3EE}.Debug|Any CPU.ActiveCfg = Debug|Any CPU
		{3DCA9C21-13C0-4D1F-8000-3304AB22E3EE}.Debug|Any CPU.Build.0 = Debug|Any CPU
		{3DCA9C21-13C0-4D1F-8000-3304AB22E3EE}.Release|Any CPU.ActiveCfg = Release|Any CPU
		{3DCA9C21-13C0-4D1F-8000-3304AB22E3EE}.Release|Any CPU.Build.0 = Release|Any CPU
	EndGlobalSection
	GlobalSection(SolutionProperties) = preSolution
		HideSolutionNode = FALSE
	EndGlobalSection
	GlobalSection(NestedProjects) = preSolution
		{3DCA9C21-13C0-4D1F-8000-3304AB22E3EE} = {4043B8F0-0F23-42DE-8313-88FBB40DC454}
	EndGlobalSection
	GlobalSection(ExtensibilityGlobals) = postSolution
		SolutionGuid = {8C96EB82-40FD-471C-A9A0-3D2B37A51B6D}
	EndGlobalSection
EndGlobal
