
Microsoft Visual Studio Solution File, Format Version 12.00
# Visual Studio Version 16
VisualStudioVersion = 16.0.30309.148
MinimumVisualStudioVersion = 10.0.40219.1
Project("{FAE04EC0-301F-11D3-BF4B-00C04F79EFBC}") = "defaultfolders1", "defaultfolders1\defaultfolders1.csproj", "{B444D624-383E-4C9C-A030-43D7D2E51282}"
EndProject
Project("{FAE04EC0-301F-11D3-BF4B-00C04F79EFBC}") = "Infrastructure1", "Infrastructure1\Infrastructure1.csproj", "{3A53D2E8-CE99-4610-8310-B49090094F86}"
EndProject
Project("{FAE04EC0-301F-11D3-BF4B-00C04F79EFBC}") = "VNC_PT_APPLICATION.Presentation.TYPE", "VNC_PT_APPLICATION.Presentation.TYPE\VNC_PT_APPLICATION.Presentation.TYPE.csproj", "{3DCA9C21-13C0-4D1F-8000-3304AB22E3EE}"
EndProject
Project("{2150E333-8FDC-42A3-9474-1A3956D46DE8}") = "Domain", "Domain", "{879450C9-2CAE-4F3E-937E-9BA7CAEF30AB}"
EndProject
Project("{2150E333-8FDC-42A3-9474-1A3956D46DE8}") = "Infrastructure", "Infrastructure", "{85C424B3-13F9-4761-BA27-C8F68A2364F3}"
EndProject
Project("{2150E333-8FDC-42A3-9474-1A3956D46DE8}") = "Presentation", "Presentation", "{1DD50B7E-E908-4863-876F-24E328ECD7E5}"
EndProject
Project("{2150E333-8FDC-42A3-9474-1A3956D46DE8}") = "Persistence", "Persistence", "{57FD5805-AEB2-444C-B91B-FFE027CBC0F9}"
EndProject
Project("{FAE04EC0-301F-11D3-BF4B-00C04F79EFBC}") = "VNC_PT_APPLICATION.Domain", "VNC_PT_APPLICATION.Domain\VNC_PT_APPLICATION.Domain.csproj", "{48AB4200-AAD0-42DF-B595-779C5303EDD5}"
EndProject
Project("{FAE04EC0-301F-11D3-BF4B-00C04F79EFBC}") = "VNC_PT_APPLICATION.DomainServices", "VNC_PT_APPLICATION.DomainServices\VNC_PT_APPLICATION.DomainServices.csproj", "{F7835F64-A1DA-4B01-964C-01AE1E9EF30F}"
EndProject
Project("{FAE04EC0-301F-11D3-BF4B-00C04F79EFBC}") = "VNC_PT_APPLICATION.Persistence.Data", "VNC_PT_APPLICATION.Persistence.Data\VNC_PT_APPLICATION.Persistence.Data.csproj", "{D1C80F43-CE53-4B0F-8308-13DD429473AA}"
EndProject
Project("{FAE04EC0-301F-11D3-BF4B-00C04F79EFBC}") = "VNC_PT_APPLICATION.Persistence.LookupData", "VNC_PT_APPLICATION.Persistence.LookupData\VNC_PT_APPLICATION.Persistence.LookupData.csproj", "{DF7BF229-D03D-4C4F-9AAA-312D9941991B}"
EndProject
Project("{FAE04EC0-301F-11D3-BF4B-00C04F79EFBC}") = "VNC_PT_APPLICATION.Core", "VNC_PT_APPLICATION.Core\VNC_PT_APPLICATION.Core.csproj", "{DC5CE026-880E-453A-90FF-8485403EEEA4}"
EndProject
Project("{FAE04EC0-301F-11D3-BF4B-00C04F79EFBC}") = "VNC_PTW_APPLICATION.Presentation.TYPE", "VNC_PTW_APPLICATION.Presentation.TYPE\VNC_PTW_APPLICATION.Presentation.TYPE.csproj", "{9BFB2AEE-9165-4E09-9BEE-809942A3F937}"
EndProject
Project("{2150E333-8FDC-42A3-9474-1A3956D46DE8}") = "Application", "Application", "{0DD39D47-93FA-4E9E-BAAB-7780D69D3DBF}"
EndProject
Project("{FAE04EC0-301F-11D3-BF4B-00C04F79EFBC}") = "VNC_PT_APPLICATION.Application", "VNC_PT_APPLICATION.Application\VNC_PT_APPLICATION.Application.csproj", "{E1AD6216-CA85-4DD4-AB02-74059AC4FE80}"
EndProject
Project("{FAE04EC0-301F-11D3-BF4B-00C04F79EFBC}") = "VNC_PT_APPLICATION.ApplicationServices", "VNC_PT_APPLICATION.ApplicationServices\VNC_PT_APPLICATION.ApplicationServices.csproj", "{086FF9F8-937A-4B8C-8771-E7242F7FFDC2}"
EndProject
Project("{FAE04EC0-301F-11D3-BF4B-00C04F79EFBC}") = "VNC.Core", "..\..\VNC.Core\VNC.Core.csproj", "{C4E954D3-2A7A-48D2-B212-8B9A96BFEB4F}"
EndProject
Project("{FAE04EC0-301F-11D3-BF4B-00C04F79EFBC}") = "VNC.WPF.Presentation", "..\..\VNC.WPF.Presentation\VNC.WPF.Presentation.csproj", "{D26CC080-8055-49DC-A176-8A6D4134AC58}"
EndProject
Project("{FAE04EC0-301F-11D3-BF4B-00C04F79EFBC}") = "VNC.WPF.Presentation.Dx", "..\..\VNC.WPF.Presentation.Dx\VNC.WPF.Presentation.Dx.csproj", "{4D03FB82-471E-41B3-BEF7-6788215D89A2}"
EndProject
Project("{FAE04EC0-301F-11D3-BF4B-00C04F79EFBC}") = "VNC_PT_APPLICATION_PrismWPF", "VNC_PT_APPLICATION_PrismWPF\VNC_PT_APPLICATION_PrismWPF.csproj", "{19A25457-D72A-4090-97AF-F43F8A78672E}"
EndProject
Global
	GlobalSection(SolutionConfigurationPlatforms) = preSolution
		Debug|Any CPU = Debug|Any CPU
		Debug|x64 = Debug|x64
		Debug|x86 = Debug|x86
		Release|Any CPU = Release|Any CPU
		Release|x64 = Release|x64
		Release|x86 = Release|x86
	EndGlobalSection
	GlobalSection(ProjectConfigurationPlatforms) = postSolution
		{B444D624-383E-4C9C-A030-43D7D2E51282}.Debug|Any CPU.ActiveCfg = Debug|Any CPU
		{B444D624-383E-4C9C-A030-43D7D2E51282}.Debug|Any CPU.Build.0 = Debug|Any CPU
		{B444D624-383E-4C9C-A030-43D7D2E51282}.Debug|x64.ActiveCfg = Debug|Any CPU
		{B444D624-383E-4C9C-A030-43D7D2E51282}.Debug|x64.Build.0 = Debug|Any CPU
		{B444D624-383E-4C9C-A030-43D7D2E51282}.Debug|x86.ActiveCfg = Debug|Any CPU
		{B444D624-383E-4C9C-A030-43D7D2E51282}.Debug|x86.Build.0 = Debug|Any CPU
		{B444D624-383E-4C9C-A030-43D7D2E51282}.Release|Any CPU.ActiveCfg = Release|Any CPU
		{B444D624-383E-4C9C-A030-43D7D2E51282}.Release|Any CPU.Build.0 = Release|Any CPU
		{B444D624-383E-4C9C-A030-43D7D2E51282}.Release|x64.ActiveCfg = Release|Any CPU
		{B444D624-383E-4C9C-A030-43D7D2E51282}.Release|x64.Build.0 = Release|Any CPU
		{B444D624-383E-4C9C-A030-43D7D2E51282}.Release|x86.ActiveCfg = Release|Any CPU
		{B444D624-383E-4C9C-A030-43D7D2E51282}.Release|x86.Build.0 = Release|Any CPU
		{3A53D2E8-CE99-4610-8310-B49090094F86}.Debug|Any CPU.ActiveCfg = Debug|Any CPU
		{3A53D2E8-CE99-4610-8310-B49090094F86}.Debug|Any CPU.Build.0 = Debug|Any CPU
		{3A53D2E8-CE99-4610-8310-B49090094F86}.Debug|x64.ActiveCfg = Debug|Any CPU
		{3A53D2E8-CE99-4610-8310-B49090094F86}.Debug|x64.Build.0 = Debug|Any CPU
		{3A53D2E8-CE99-4610-8310-B49090094F86}.Debug|x86.ActiveCfg = Debug|Any CPU
		{3A53D2E8-CE99-4610-8310-B49090094F86}.Debug|x86.Build.0 = Debug|Any CPU
		{3A53D2E8-CE99-4610-8310-B49090094F86}.Release|Any CPU.ActiveCfg = Release|Any CPU
		{3A53D2E8-CE99-4610-8310-B49090094F86}.Release|Any CPU.Build.0 = Release|Any CPU
		{3A53D2E8-CE99-4610-8310-B49090094F86}.Release|x64.ActiveCfg = Release|Any CPU
		{3A53D2E8-CE99-4610-8310-B49090094F86}.Release|x64.Build.0 = Release|Any CPU
		{3A53D2E8-CE99-4610-8310-B49090094F86}.Release|x86.ActiveCfg = Release|Any CPU
		{3A53D2E8-CE99-4610-8310-B49090094F86}.Release|x86.Build.0 = Release|Any CPU
		{3DCA9C21-13C0-4D1F-8000-3304AB22E3EE}.Debug|Any CPU.ActiveCfg = Debug|Any CPU
		{3DCA9C21-13C0-4D1F-8000-3304AB22E3EE}.Debug|Any CPU.Build.0 = Debug|Any CPU
		{3DCA9C21-13C0-4D1F-8000-3304AB22E3EE}.Debug|x64.ActiveCfg = Debug|Any CPU
		{3DCA9C21-13C0-4D1F-8000-3304AB22E3EE}.Debug|x64.Build.0 = Debug|Any CPU
		{3DCA9C21-13C0-4D1F-8000-3304AB22E3EE}.Debug|x86.ActiveCfg = Debug|Any CPU
		{3DCA9C21-13C0-4D1F-8000-3304AB22E3EE}.Debug|x86.Build.0 = Debug|Any CPU
		{3DCA9C21-13C0-4D1F-8000-3304AB22E3EE}.Release|Any CPU.ActiveCfg = Release|Any CPU
		{3DCA9C21-13C0-4D1F-8000-3304AB22E3EE}.Release|Any CPU.Build.0 = Release|Any CPU
		{3DCA9C21-13C0-4D1F-8000-3304AB22E3EE}.Release|x64.ActiveCfg = Release|Any CPU
		{3DCA9C21-13C0-4D1F-8000-3304AB22E3EE}.Release|x64.Build.0 = Release|Any CPU
		{3DCA9C21-13C0-4D1F-8000-3304AB22E3EE}.Release|x86.ActiveCfg = Release|Any CPU
		{3DCA9C21-13C0-4D1F-8000-3304AB22E3EE}.Release|x86.Build.0 = Release|Any CPU
		{48AB4200-AAD0-42DF-B595-779C5303EDD5}.Debug|Any CPU.ActiveCfg = Debug|Any CPU
		{48AB4200-AAD0-42DF-B595-779C5303EDD5}.Debug|Any CPU.Build.0 = Debug|Any CPU
		{48AB4200-AAD0-42DF-B595-779C5303EDD5}.Debug|x64.ActiveCfg = Debug|Any CPU
		{48AB4200-AAD0-42DF-B595-779C5303EDD5}.Debug|x64.Build.0 = Debug|Any CPU
		{48AB4200-AAD0-42DF-B595-779C5303EDD5}.Debug|x86.ActiveCfg = Debug|Any CPU
		{48AB4200-AAD0-42DF-B595-779C5303EDD5}.Debug|x86.Build.0 = Debug|Any CPU
		{48AB4200-AAD0-42DF-B595-779C5303EDD5}.Release|Any CPU.ActiveCfg = Release|Any CPU
		{48AB4200-AAD0-42DF-B595-779C5303EDD5}.Release|Any CPU.Build.0 = Release|Any CPU
		{48AB4200-AAD0-42DF-B595-779C5303EDD5}.Release|x64.ActiveCfg = Release|Any CPU
		{48AB4200-AAD0-42DF-B595-779C5303EDD5}.Release|x64.Build.0 = Release|Any CPU
		{48AB4200-AAD0-42DF-B595-779C5303EDD5}.Release|x86.ActiveCfg = Release|Any CPU
		{48AB4200-AAD0-42DF-B595-779C5303EDD5}.Release|x86.Build.0 = Release|Any CPU
		{F7835F64-A1DA-4B01-964C-01AE1E9EF30F}.Debug|Any CPU.ActiveCfg = Debug|Any CPU
		{F7835F64-A1DA-4B01-964C-01AE1E9EF30F}.Debug|Any CPU.Build.0 = Debug|Any CPU
		{F7835F64-A1DA-4B01-964C-01AE1E9EF30F}.Debug|x64.ActiveCfg = Debug|Any CPU
		{F7835F64-A1DA-4B01-964C-01AE1E9EF30F}.Debug|x64.Build.0 = Debug|Any CPU
		{F7835F64-A1DA-4B01-964C-01AE1E9EF30F}.Debug|x86.ActiveCfg = Debug|Any CPU
		{F7835F64-A1DA-4B01-964C-01AE1E9EF30F}.Debug|x86.Build.0 = Debug|Any CPU
		{F7835F64-A1DA-4B01-964C-01AE1E9EF30F}.Release|Any CPU.ActiveCfg = Release|Any CPU
		{F7835F64-A1DA-4B01-964C-01AE1E9EF30F}.Release|Any CPU.Build.0 = Release|Any CPU
		{F7835F64-A1DA-4B01-964C-01AE1E9EF30F}.Release|x64.ActiveCfg = Release|Any CPU
		{F7835F64-A1DA-4B01-964C-01AE1E9EF30F}.Release|x64.Build.0 = Release|Any CPU
		{F7835F64-A1DA-4B01-964C-01AE1E9EF30F}.Release|x86.ActiveCfg = Release|Any CPU
		{F7835F64-A1DA-4B01-964C-01AE1E9EF30F}.Release|x86.Build.0 = Release|Any CPU
		{D1C80F43-CE53-4B0F-8308-13DD429473AA}.Debug|Any CPU.ActiveCfg = Debug|Any CPU
		{D1C80F43-CE53-4B0F-8308-13DD429473AA}.Debug|Any CPU.Build.0 = Debug|Any CPU
		{D1C80F43-CE53-4B0F-8308-13DD429473AA}.Debug|x64.ActiveCfg = Debug|Any CPU
		{D1C80F43-CE53-4B0F-8308-13DD429473AA}.Debug|x64.Build.0 = Debug|Any CPU
		{D1C80F43-CE53-4B0F-8308-13DD429473AA}.Debug|x86.ActiveCfg = Debug|Any CPU
		{D1C80F43-CE53-4B0F-8308-13DD429473AA}.Debug|x86.Build.0 = Debug|Any CPU
		{D1C80F43-CE53-4B0F-8308-13DD429473AA}.Release|Any CPU.ActiveCfg = Release|Any CPU
		{D1C80F43-CE53-4B0F-8308-13DD429473AA}.Release|Any CPU.Build.0 = Release|Any CPU
		{D1C80F43-CE53-4B0F-8308-13DD429473AA}.Release|x64.ActiveCfg = Release|Any CPU
		{D1C80F43-CE53-4B0F-8308-13DD429473AA}.Release|x64.Build.0 = Release|Any CPU
		{D1C80F43-CE53-4B0F-8308-13DD429473AA}.Release|x86.ActiveCfg = Release|Any CPU
		{D1C80F43-CE53-4B0F-8308-13DD429473AA}.Release|x86.Build.0 = Release|Any CPU
		{DF7BF229-D03D-4C4F-9AAA-312D9941991B}.Debug|Any CPU.ActiveCfg = Debug|Any CPU
		{DF7BF229-D03D-4C4F-9AAA-312D9941991B}.Debug|Any CPU.Build.0 = Debug|Any CPU
		{DF7BF229-D03D-4C4F-9AAA-312D9941991B}.Debug|x64.ActiveCfg = Debug|Any CPU
		{DF7BF229-D03D-4C4F-9AAA-312D9941991B}.Debug|x64.Build.0 = Debug|Any CPU
		{DF7BF229-D03D-4C4F-9AAA-312D9941991B}.Debug|x86.ActiveCfg = Debug|Any CPU
		{DF7BF229-D03D-4C4F-9AAA-312D9941991B}.Debug|x86.Build.0 = Debug|Any CPU
		{DF7BF229-D03D-4C4F-9AAA-312D9941991B}.Release|Any CPU.ActiveCfg = Release|Any CPU
		{DF7BF229-D03D-4C4F-9AAA-312D9941991B}.Release|Any CPU.Build.0 = Release|Any CPU
		{DF7BF229-D03D-4C4F-9AAA-312D9941991B}.Release|x64.ActiveCfg = Release|Any CPU
		{DF7BF229-D03D-4C4F-9AAA-312D9941991B}.Release|x64.Build.0 = Release|Any CPU
		{DF7BF229-D03D-4C4F-9AAA-312D9941991B}.Release|x86.ActiveCfg = Release|Any CPU
		{DF7BF229-D03D-4C4F-9AAA-312D9941991B}.Release|x86.Build.0 = Release|Any CPU
		{DC5CE026-880E-453A-90FF-8485403EEEA4}.Debug|Any CPU.ActiveCfg = Debug|Any CPU
		{DC5CE026-880E-453A-90FF-8485403EEEA4}.Debug|Any CPU.Build.0 = Debug|Any CPU
		{DC5CE026-880E-453A-90FF-8485403EEEA4}.Debug|x64.ActiveCfg = Debug|Any CPU
		{DC5CE026-880E-453A-90FF-8485403EEEA4}.Debug|x64.Build.0 = Debug|Any CPU
		{DC5CE026-880E-453A-90FF-8485403EEEA4}.Debug|x86.ActiveCfg = Debug|Any CPU
		{DC5CE026-880E-453A-90FF-8485403EEEA4}.Debug|x86.Build.0 = Debug|Any CPU
		{DC5CE026-880E-453A-90FF-8485403EEEA4}.Release|Any CPU.ActiveCfg = Release|Any CPU
		{DC5CE026-880E-453A-90FF-8485403EEEA4}.Release|Any CPU.Build.0 = Release|Any CPU
		{DC5CE026-880E-453A-90FF-8485403EEEA4}.Release|x64.ActiveCfg = Release|Any CPU
		{DC5CE026-880E-453A-90FF-8485403EEEA4}.Release|x64.Build.0 = Release|Any CPU
		{DC5CE026-880E-453A-90FF-8485403EEEA4}.Release|x86.ActiveCfg = Release|Any CPU
		{DC5CE026-880E-453A-90FF-8485403EEEA4}.Release|x86.Build.0 = Release|Any CPU
		{9BFB2AEE-9165-4E09-9BEE-809942A3F937}.Debug|Any CPU.ActiveCfg = Debug|Any CPU
		{9BFB2AEE-9165-4E09-9BEE-809942A3F937}.Debug|Any CPU.Build.0 = Debug|Any CPU
		{9BFB2AEE-9165-4E09-9BEE-809942A3F937}.Debug|x64.ActiveCfg = Debug|Any CPU
		{9BFB2AEE-9165-4E09-9BEE-809942A3F937}.Debug|x64.Build.0 = Debug|Any CPU
		{9BFB2AEE-9165-4E09-9BEE-809942A3F937}.Debug|x86.ActiveCfg = Debug|Any CPU
		{9BFB2AEE-9165-4E09-9BEE-809942A3F937}.Debug|x86.Build.0 = Debug|Any CPU
		{9BFB2AEE-9165-4E09-9BEE-809942A3F937}.Release|Any CPU.ActiveCfg = Release|Any CPU
		{9BFB2AEE-9165-4E09-9BEE-809942A3F937}.Release|Any CPU.Build.0 = Release|Any CPU
		{9BFB2AEE-9165-4E09-9BEE-809942A3F937}.Release|x64.ActiveCfg = Release|Any CPU
		{9BFB2AEE-9165-4E09-9BEE-809942A3F937}.Release|x64.Build.0 = Release|Any CPU
		{9BFB2AEE-9165-4E09-9BEE-809942A3F937}.Release|x86.ActiveCfg = Release|Any CPU
		{9BFB2AEE-9165-4E09-9BEE-809942A3F937}.Release|x86.Build.0 = Release|Any CPU
		{E1AD6216-CA85-4DD4-AB02-74059AC4FE80}.Debug|Any CPU.ActiveCfg = Debug|Any CPU
		{E1AD6216-CA85-4DD4-AB02-74059AC4FE80}.Debug|Any CPU.Build.0 = Debug|Any CPU
		{E1AD6216-CA85-4DD4-AB02-74059AC4FE80}.Debug|x64.ActiveCfg = Debug|Any CPU
		{E1AD6216-CA85-4DD4-AB02-74059AC4FE80}.Debug|x64.Build.0 = Debug|Any CPU
		{E1AD6216-CA85-4DD4-AB02-74059AC4FE80}.Debug|x86.ActiveCfg = Debug|Any CPU
		{E1AD6216-CA85-4DD4-AB02-74059AC4FE80}.Debug|x86.Build.0 = Debug|Any CPU
		{E1AD6216-CA85-4DD4-AB02-74059AC4FE80}.Release|Any CPU.ActiveCfg = Release|Any CPU
		{E1AD6216-CA85-4DD4-AB02-74059AC4FE80}.Release|Any CPU.Build.0 = Release|Any CPU
		{E1AD6216-CA85-4DD4-AB02-74059AC4FE80}.Release|x64.ActiveCfg = Release|Any CPU
		{E1AD6216-CA85-4DD4-AB02-74059AC4FE80}.Release|x64.Build.0 = Release|Any CPU
		{E1AD6216-CA85-4DD4-AB02-74059AC4FE80}.Release|x86.ActiveCfg = Release|Any CPU
		{E1AD6216-CA85-4DD4-AB02-74059AC4FE80}.Release|x86.Build.0 = Release|Any CPU
		{086FF9F8-937A-4B8C-8771-E7242F7FFDC2}.Debug|Any CPU.ActiveCfg = Debug|Any CPU
		{086FF9F8-937A-4B8C-8771-E7242F7FFDC2}.Debug|Any CPU.Build.0 = Debug|Any CPU
		{086FF9F8-937A-4B8C-8771-E7242F7FFDC2}.Debug|x64.ActiveCfg = Debug|Any CPU
		{086FF9F8-937A-4B8C-8771-E7242F7FFDC2}.Debug|x64.Build.0 = Debug|Any CPU
		{086FF9F8-937A-4B8C-8771-E7242F7FFDC2}.Debug|x86.ActiveCfg = Debug|Any CPU
		{086FF9F8-937A-4B8C-8771-E7242F7FFDC2}.Debug|x86.Build.0 = Debug|Any CPU
		{086FF9F8-937A-4B8C-8771-E7242F7FFDC2}.Release|Any CPU.ActiveCfg = Release|Any CPU
		{086FF9F8-937A-4B8C-8771-E7242F7FFDC2}.Release|Any CPU.Build.0 = Release|Any CPU
		{086FF9F8-937A-4B8C-8771-E7242F7FFDC2}.Release|x64.ActiveCfg = Release|Any CPU
		{086FF9F8-937A-4B8C-8771-E7242F7FFDC2}.Release|x64.Build.0 = Release|Any CPU
		{086FF9F8-937A-4B8C-8771-E7242F7FFDC2}.Release|x86.ActiveCfg = Release|Any CPU
		{086FF9F8-937A-4B8C-8771-E7242F7FFDC2}.Release|x86.Build.0 = Release|Any CPU
		{C4E954D3-2A7A-48D2-B212-8B9A96BFEB4F}.Debug|Any CPU.ActiveCfg = Debug|Any CPU
		{C4E954D3-2A7A-48D2-B212-8B9A96BFEB4F}.Debug|Any CPU.Build.0 = Debug|Any CPU
		{C4E954D3-2A7A-48D2-B212-8B9A96BFEB4F}.Debug|x64.ActiveCfg = Debug|x64
		{C4E954D3-2A7A-48D2-B212-8B9A96BFEB4F}.Debug|x64.Build.0 = Debug|x64
		{C4E954D3-2A7A-48D2-B212-8B9A96BFEB4F}.Debug|x86.ActiveCfg = Debug|x86
		{C4E954D3-2A7A-48D2-B212-8B9A96BFEB4F}.Debug|x86.Build.0 = Debug|x86
		{C4E954D3-2A7A-48D2-B212-8B9A96BFEB4F}.Release|Any CPU.ActiveCfg = Release|Any CPU
		{C4E954D3-2A7A-48D2-B212-8B9A96BFEB4F}.Release|Any CPU.Build.0 = Release|Any CPU
		{C4E954D3-2A7A-48D2-B212-8B9A96BFEB4F}.Release|x64.ActiveCfg = Release|x64
		{C4E954D3-2A7A-48D2-B212-8B9A96BFEB4F}.Release|x64.Build.0 = Release|x64
		{C4E954D3-2A7A-48D2-B212-8B9A96BFEB4F}.Release|x86.ActiveCfg = Release|x86
		{C4E954D3-2A7A-48D2-B212-8B9A96BFEB4F}.Release|x86.Build.0 = Release|x86
		{D26CC080-8055-49DC-A176-8A6D4134AC58}.Debug|Any CPU.ActiveCfg = Debug|Any CPU
		{D26CC080-8055-49DC-A176-8A6D4134AC58}.Debug|Any CPU.Build.0 = Debug|Any CPU
		{D26CC080-8055-49DC-A176-8A6D4134AC58}.Debug|x64.ActiveCfg = Debug|Any CPU
		{D26CC080-8055-49DC-A176-8A6D4134AC58}.Debug|x64.Build.0 = Debug|Any CPU
		{D26CC080-8055-49DC-A176-8A6D4134AC58}.Debug|x86.ActiveCfg = Debug|Any CPU
		{D26CC080-8055-49DC-A176-8A6D4134AC58}.Debug|x86.Build.0 = Debug|Any CPU
		{D26CC080-8055-49DC-A176-8A6D4134AC58}.Release|Any CPU.ActiveCfg = Release|Any CPU
		{D26CC080-8055-49DC-A176-8A6D4134AC58}.Release|Any CPU.Build.0 = Release|Any CPU
		{D26CC080-8055-49DC-A176-8A6D4134AC58}.Release|x64.ActiveCfg = Release|Any CPU
		{D26CC080-8055-49DC-A176-8A6D4134AC58}.Release|x64.Build.0 = Release|Any CPU
		{D26CC080-8055-49DC-A176-8A6D4134AC58}.Release|x86.ActiveCfg = Release|Any CPU
		{D26CC080-8055-49DC-A176-8A6D4134AC58}.Release|x86.Build.0 = Release|Any CPU
		{4D03FB82-471E-41B3-BEF7-6788215D89A2}.Debug|Any CPU.ActiveCfg = Debug|Any CPU
		{4D03FB82-471E-41B3-BEF7-6788215D89A2}.Debug|Any CPU.Build.0 = Debug|Any CPU
		{4D03FB82-471E-41B3-BEF7-6788215D89A2}.Debug|x64.ActiveCfg = Debug|Any CPU
		{4D03FB82-471E-41B3-BEF7-6788215D89A2}.Debug|x64.Build.0 = Debug|Any CPU
		{4D03FB82-471E-41B3-BEF7-6788215D89A2}.Debug|x86.ActiveCfg = Debug|Any CPU
		{4D03FB82-471E-41B3-BEF7-6788215D89A2}.Debug|x86.Build.0 = Debug|Any CPU
		{4D03FB82-471E-41B3-BEF7-6788215D89A2}.Release|Any CPU.ActiveCfg = Release|Any CPU
		{4D03FB82-471E-41B3-BEF7-6788215D89A2}.Release|Any CPU.Build.0 = Release|Any CPU
		{4D03FB82-471E-41B3-BEF7-6788215D89A2}.Release|x64.ActiveCfg = Release|Any CPU
		{4D03FB82-471E-41B3-BEF7-6788215D89A2}.Release|x64.Build.0 = Release|Any CPU
		{4D03FB82-471E-41B3-BEF7-6788215D89A2}.Release|x86.ActiveCfg = Release|Any CPU
		{4D03FB82-471E-41B3-BEF7-6788215D89A2}.Release|x86.Build.0 = Release|Any CPU
		{19A25457-D72A-4090-97AF-F43F8A78672E}.Debug|Any CPU.ActiveCfg = Debug|Any CPU
		{19A25457-D72A-4090-97AF-F43F8A78672E}.Debug|Any CPU.Build.0 = Debug|Any CPU
		{19A25457-D72A-4090-97AF-F43F8A78672E}.Debug|x64.ActiveCfg = Debug|Any CPU
		{19A25457-D72A-4090-97AF-F43F8A78672E}.Debug|x64.Build.0 = Debug|Any CPU
		{19A25457-D72A-4090-97AF-F43F8A78672E}.Debug|x86.ActiveCfg = Debug|Any CPU
		{19A25457-D72A-4090-97AF-F43F8A78672E}.Debug|x86.Build.0 = Debug|Any CPU
		{19A25457-D72A-4090-97AF-F43F8A78672E}.Release|Any CPU.ActiveCfg = Release|Any CPU
		{19A25457-D72A-4090-97AF-F43F8A78672E}.Release|Any CPU.Build.0 = Release|Any CPU
		{19A25457-D72A-4090-97AF-F43F8A78672E}.Release|x64.ActiveCfg = Release|Any CPU
		{19A25457-D72A-4090-97AF-F43F8A78672E}.Release|x64.Build.0 = Release|Any CPU
		{19A25457-D72A-4090-97AF-F43F8A78672E}.Release|x86.ActiveCfg = Release|Any CPU
		{19A25457-D72A-4090-97AF-F43F8A78672E}.Release|x86.Build.0 = Release|Any CPU
	EndGlobalSection
	GlobalSection(SolutionProperties) = preSolution
		HideSolutionNode = FALSE
	EndGlobalSection
	GlobalSection(NestedProjects) = preSolution
		{3DCA9C21-13C0-4D1F-8000-3304AB22E3EE} = {1DD50B7E-E908-4863-876F-24E328ECD7E5}
		{48AB4200-AAD0-42DF-B595-779C5303EDD5} = {879450C9-2CAE-4F3E-937E-9BA7CAEF30AB}
		{F7835F64-A1DA-4B01-964C-01AE1E9EF30F} = {879450C9-2CAE-4F3E-937E-9BA7CAEF30AB}
		{D1C80F43-CE53-4B0F-8308-13DD429473AA} = {57FD5805-AEB2-444C-B91B-FFE027CBC0F9}
		{DF7BF229-D03D-4C4F-9AAA-312D9941991B} = {57FD5805-AEB2-444C-B91B-FFE027CBC0F9}
		{DC5CE026-880E-453A-90FF-8485403EEEA4} = {85C424B3-13F9-4761-BA27-C8F68A2364F3}
		{9BFB2AEE-9165-4E09-9BEE-809942A3F937} = {1DD50B7E-E908-4863-876F-24E328ECD7E5}
		{E1AD6216-CA85-4DD4-AB02-74059AC4FE80} = {0DD39D47-93FA-4E9E-BAAB-7780D69D3DBF}
		{086FF9F8-937A-4B8C-8771-E7242F7FFDC2} = {0DD39D47-93FA-4E9E-BAAB-7780D69D3DBF}
		{19A25457-D72A-4090-97AF-F43F8A78672E} = {1DD50B7E-E908-4863-876F-24E328ECD7E5}
	EndGlobalSection
	GlobalSection(ExtensibilityGlobals) = postSolution
		SolutionGuid = {18D534F5-60B7-4F6F-9A32-5289F8D1F5CE}
	EndGlobalSection
EndGlobal
